
Microsoft Visual Studio Solution File, Format Version 12.00
# Visual Studio 15
VisualStudioVersion = 15.0.27130.2036
MinimumVisualStudioVersion = 10.0.40219.1
Project("{FAE04EC0-301F-11D3-BF4B-00C04F79EFBC}") = "Bundle", "Bundle\Bundle.csproj", "{306B0D9B-F844-492D-87D8-6449AE7EF32C}"
EndProject
Global
	GlobalSection(SolutionConfigurationPlatforms) = preSolution
		Debug|Any CPU = Debug|Any CPU
		Release|Any CPU = Release|Any CPU
	EndGlobalSection
	GlobalSection(ProjectConfigurationPlatforms) = postSolution
		{306B0D9B-F844-492D-87D8-6449AE7EF32C}.Debug|Any CPU.ActiveCfg = Debug|Any CPU
		{306B0D9B-F844-492D-87D8-6449AE7EF32C}.Debug|Any CPU.Build.0 = Debug|Any CPU
		{306B0D9B-F844-492D-87D8-6449AE7EF32C}.Release|Any CPU.ActiveCfg = Release|Any CPU
		{306B0D9B-F844-492D-87D8-6449AE7EF32C}.Release|Any CPU.Build.0 = Release|Any CPU
	EndGlobalSection
	GlobalSection(SolutionProperties) = preSolution
		HideSolutionNode = FALSE
	EndGlobalSection
	GlobalSection(ExtensibilityGlobals) = postSolution
		SolutionGuid = {A5D9014F-6209-4849-AE27-3E387339A2F9}
	EndGlobalSection
EndGlobal
